
Microsoft Visual Studio Solution File, Format Version 12.00
# Visual Studio Version 17
VisualStudioVersion = 17.9.34714.143
MinimumVisualStudioVersion = 10.0.40219.1
Project("{FAE04EC0-301F-11D3-BF4B-00C04F79EFBC}") = "лаб2", "лаб2\лаб2.csproj", "{3FC2670B-FDD5-4BD6-AC7F-305B30A04DFE}"
EndProject
Global
	GlobalSection(SolutionConfigurationPlatforms) = preSolution
		Debug|Any CPU = Debug|Any CPU
		Release|Any CPU = Release|Any CPU
	EndGlobalSection
	GlobalSection(ProjectConfigurationPlatforms) = postSolution
		{3FC2670B-FDD5-4BD6-AC7F-305B30A04DFE}.Debug|Any CPU.ActiveCfg = Debug|Any CPU
		{3FC2670B-FDD5-4BD6-AC7F-305B30A04DFE}.Debug|Any CPU.Build.0 = Debug|Any CPU
		{3FC2670B-FDD5-4BD6-AC7F-305B30A04DFE}.Release|Any CPU.ActiveCfg = Release|Any CPU
		{3FC2670B-FDD5-4BD6-AC7F-305B30A04DFE}.Release|Any CPU.Build.0 = Release|Any CPU
	EndGlobalSection
	GlobalSection(SolutionProperties) = preSolution
		HideSolutionNode = FALSE
	EndGlobalSection
	GlobalSection(ExtensibilityGlobals) = postSolution
		SolutionGuid = {AD0DA9B7-E06F-4F55-93EA-B4B539CCAD69}
	EndGlobalSection
EndGlobal
